<?xml version="1.0" encoding="UTF-8"?>
<Scheme
   LastUpgradeVersion = "0450"
   version = "1.3">
   <BuildAction
      parallelizeBuildables = "YES"
      buildImplicitDependencies = "YES">
      <BuildActionEntries>
         <BuildActionEntry
            buildForTesting = "NO"
            buildForRunning = "YES"
            buildForProfiling = "YES"
            buildForArchiving = "YES"
            buildForAnalyzing = "YES">
            <BuildableReference
               BuildableIdentifier = "primary"
               BlueprintIdentifier = "E2848C6C1430E35500E06673"
               BuildableName = "libffmpeg-mr.jnilib"
               BlueprintName = "ffmpeg-mr"
               ReferencedContainer = "container:ffmpeg-mr.xcodeproj">
            </BuildableReference>
         </BuildActionEntry>
      </BuildActionEntries>
   </BuildAction>
   <TestAction
      selectedDebuggerIdentifier = "Xcode.DebuggerFoundation.Debugger.LLDB"
      selectedLauncherIdentifier = "Xcode.DebuggerFoundation.Launcher.GDB"
      shouldUseLaunchSchemeArgsEnv = "YES"
      buildConfiguration = "Debug">
      <Testables>
      </Testables>
      <MacroExpansion>
         <BuildableReference
            BuildableIdentifier = "primary"
            BlueprintIdentifier = "E2848C6C1430E35500E06673"
            BuildableName = "libffmpeg-mr.jnilib"
            BlueprintName = "ffmpeg-mr"
            ReferencedContainer = "container:ffmpeg-mr.xcodeproj">
         </BuildableReference>
      </MacroExpansion>
   </TestAction>
   <LaunchAction
      selectedDebuggerIdentifier = "Xcode.DebuggerFoundation.Debugger.LLDB"
      selectedLauncherIdentifier = "Xcode.DebuggerFoundation.Launcher.GDB"
      launchStyle = "0"
      useCustomWorkingDirectory = "YES"
      customWorkingDirectory = "/Users/tom/Code/fyp/ffmpeg-mr/ffmpeg-mr"
      buildConfiguration = "Debug"
      ignoresPersistentStateOnLaunch = "YES"
      debugDocumentVersioning = "YES"
      allowLocationSimulation = "YES">
      <PathRunnable
         FilePath = "/System/Library/Frameworks/JavaVM.framework/Versions/A/Commands/java">
      </PathRunnable>
      <MacroExpansion>
         <BuildableReference
            BuildableIdentifier = "primary"
            BlueprintIdentifier = "E2848C6C1430E35500E06673"
            BuildableName = "libffmpeg-mr.jnilib"
            BlueprintName = "ffmpeg-mr"
            ReferencedContainer = "container:ffmpeg-mr.xcodeproj">
         </BuildableReference>
      </MacroExpansion>
      <CommandLineArguments>
         <CommandLineArgument
            argument = "-Xdebug"
            isEnabled = "NO">
         </CommandLineArgument>
         <CommandLineArgument
            argument = "-Xrunjdwp:transport=dt_socket,server=y,suspend=y,address=8000"
            isEnabled = "NO">
         </CommandLineArgument>
         <CommandLineArgument
            argument = "-Xmx1024m"
            isEnabled = "YES">
         </CommandLineArgument>
         <CommandLineArgument
            argument = "-Djava.library.path=/Users/tom/Code/fyp/ffmpeg-mr/ffmpeg-mr/"
            isEnabled = "YES">
         </CommandLineArgument>
         <CommandLineArgument
            argument = "-cp /Users/tom/Code/fyp/ffmpeg-mr/ffmpeg-mr/:/Users/tom/Code/fyp/Dependencies/hadoop-0.20.203.0/hadoop-core-0.20.203.0.jar:/Users/tom/Code/fyp/Dependencies/hadoop-0.20.203.0/lib/*:/Users/tom/Code/fyp/Dependencies/joda-time-2.0/*:/Users/tom/Code/fyp/Dependencies/mrunit-0.8.0-incubating/*:/Users/tom/Dropbox/Code/.metadata/.plugins/com.amazonaws.eclipse.sdk/SDK/1.3.3/lib/*:/Users/tom/Dropbox/Code/.metadata/.plugins/com.amazonaws.eclipse.sdk/SDK/1.3.3/third-party/*"
            isEnabled = "YES">
         </CommandLineArgument>
         <CommandLineArgument
            argument = "com.tstordyallison.ffmpegmr.testing.FullTest"
            isEnabled = "YES">
         </CommandLineArgument>
      </CommandLineArguments>
      <AdditionalOptions>
      </AdditionalOptions>
      <ModuleMatchers>
         <ModuleMatcher
            criteria = "1"
            stringToMatch = "java">
         </ModuleMatcher>
      </ModuleMatchers>
   </LaunchAction>
   <ProfileAction
      shouldUseLaunchSchemeArgsEnv = "YES"
      savedToolIdentifier = ""
      useCustomWorkingDirectory = "NO"
      buildConfiguration = "Release"
      debugDocumentVersioning = "YES">
      <PathRunnable
         FilePath = "/System/Library/Frameworks/JavaVM.framework/Versions/A/Commands/java">
      </PathRunnable>
   </ProfileAction>
   <AnalyzeAction
      buildConfiguration = "Debug">
   </AnalyzeAction>
   <ArchiveAction
      buildConfiguration = "Release"
      revealArchiveInOrganizer = "YES">
   </ArchiveAction>
</Scheme>
