// !$*UTF8*$!
{
	archiveVersion = 1;
	classes = {
	};
	objectVersion = 46;
	objects = {

/* Begin PBXBuildFile section */
		E24208B7144C42E300E11A39 /* Transcoder.h in Headers */ = {isa = PBXBuildFile; fileRef = E24208B6144C42E300E11A39 /* Transcoder.h */; };
		E24208C0144CAC6600E11A39 /* libffmpeg-mr.jnilib in CopyFiles */ = {isa = PBXBuildFile; fileRef = E2848C6D1430E35500E06673 /* libffmpeg-mr.jnilib */; };
		E24208C4144CB96600E11A39 /* libbz2.1.0.5.dylib in Frameworks */ = {isa = PBXBuildFile; fileRef = E24208C2144CB96600E11A39 /* libbz2.1.0.5.dylib */; };
		E24208C5144CB96600E11A39 /* libz.1.dylib in Frameworks */ = {isa = PBXBuildFile; fileRef = E24208C3144CB96600E11A39 /* libz.1.dylib */; };
		E2420C1B144CBDB600E11A39 /* libmp3lame.dylib in Frameworks */ = {isa = PBXBuildFile; fileRef = E2420C1A144CBDB600E11A39 /* libmp3lame.dylib */; };
		E2420C1D144CBDBF00E11A39 /* libx264.118.dylib in Frameworks */ = {isa = PBXBuildFile; fileRef = E2420C1C144CBDBF00E11A39 /* libx264.118.dylib */; };
		E261B90B1445FE960041422A /* libavcodec.a in Frameworks */ = {isa = PBXBuildFile; fileRef = E261B9031445FE960041422A /* libavcodec.a */; };
		E261B90C1445FE960041422A /* libavdevice.a in Frameworks */ = {isa = PBXBuildFile; fileRef = E261B9041445FE960041422A /* libavdevice.a */; };
		E261B90D1445FE960041422A /* libavfilter.a in Frameworks */ = {isa = PBXBuildFile; fileRef = E261B9051445FE960041422A /* libavfilter.a */; };
		E261B90E1445FE960041422A /* libavformat.a in Frameworks */ = {isa = PBXBuildFile; fileRef = E261B9061445FE960041422A /* libavformat.a */; };
		E261B90F1445FE960041422A /* libavutil.a in Frameworks */ = {isa = PBXBuildFile; fileRef = E261B9071445FE960041422A /* libavutil.a */; };
		E261B9101445FE960041422A /* libpostproc.a in Frameworks */ = {isa = PBXBuildFile; fileRef = E261B9081445FE960041422A /* libpostproc.a */; };
		E261B9111445FE960041422A /* libswresample.a in Frameworks */ = {isa = PBXBuildFile; fileRef = E261B9091445FE960041422A /* libswresample.a */; };
		E261B9121445FE960041422A /* libswscale.a in Frameworks */ = {isa = PBXBuildFile; fileRef = E261B90A1445FE960041422A /* libswscale.a */; };
		E261E4381471889800421617 /* tpl.c in Sources */ = {isa = PBXBuildFile; fileRef = E261E4361471889700421617 /* tpl.c */; };
		E261E4391471889800421617 /* tpl.h in Headers */ = {isa = PBXBuildFile; fileRef = E261E4371471889700421617 /* tpl.h */; };
		E261E43C147188CD00421617 /* tpl.c in Sources */ = {isa = PBXBuildFile; fileRef = E261E4361471889700421617 /* tpl.c */; };
		E261E43E14718FF700421617 /* ffmpeg_tpl.c in Sources */ = {isa = PBXBuildFile; fileRef = E261E43D14718FF700421617 /* ffmpeg_tpl.c */; };
		E261E4401471901900421617 /* ffmpeg_tpl.h in Headers */ = {isa = PBXBuildFile; fileRef = E261E43F1471901900421617 /* ffmpeg_tpl.h */; };
		E2730A6F14680A8F0049F357 /* other.c in Sources */ = {isa = PBXBuildFile; fileRef = E2730A6E14680A8F0049F357 /* other.c */; };
		E2C35A77145708D600902770 /* main.c in Sources */ = {isa = PBXBuildFile; fileRef = E2C35A76145708D600902770 /* main.c */; };
		E2C35A7D1457092A00902770 /* libavcodec.a in Frameworks */ = {isa = PBXBuildFile; fileRef = E261B9031445FE960041422A /* libavcodec.a */; };
		E2C35A7E1457093300902770 /* libx264.118.dylib in Frameworks */ = {isa = PBXBuildFile; fileRef = E2420C1C144CBDBF00E11A39 /* libx264.118.dylib */; };
		E2C35A7F1457093500902770 /* libmp3lame.dylib in Frameworks */ = {isa = PBXBuildFile; fileRef = E2420C1A144CBDB600E11A39 /* libmp3lame.dylib */; };
		E2C35A801457093600902770 /* libavdevice.a in Frameworks */ = {isa = PBXBuildFile; fileRef = E261B9041445FE960041422A /* libavdevice.a */; };
		E2C35A811457093B00902770 /* libbz2.1.0.5.dylib in Frameworks */ = {isa = PBXBuildFile; fileRef = E24208C2144CB96600E11A39 /* libbz2.1.0.5.dylib */; };
		E2C35A821457094000902770 /* libavfilter.a in Frameworks */ = {isa = PBXBuildFile; fileRef = E261B9051445FE960041422A /* libavfilter.a */; };
		E2C35A831457094100902770 /* libavformat.a in Frameworks */ = {isa = PBXBuildFile; fileRef = E261B9061445FE960041422A /* libavformat.a */; };
		E2C35A841457094200902770 /* libz.1.dylib in Frameworks */ = {isa = PBXBuildFile; fileRef = E24208C3144CB96600E11A39 /* libz.1.dylib */; };
		E2C35A851457094300902770 /* libavutil.a in Frameworks */ = {isa = PBXBuildFile; fileRef = E261B9071445FE960041422A /* libavutil.a */; };
		E2C35A861457094400902770 /* libpostproc.a in Frameworks */ = {isa = PBXBuildFile; fileRef = E261B9081445FE960041422A /* libpostproc.a */; };
		E2C35A871457094500902770 /* libswresample.a in Frameworks */ = {isa = PBXBuildFile; fileRef = E261B9091445FE960041422A /* libswresample.a */; };
		E2C35A881457094600902770 /* libswscale.a in Frameworks */ = {isa = PBXBuildFile; fileRef = E261B90A1445FE960041422A /* libswscale.a */; };
		E2EE1A5E147419B600B0B10F /* ffmpeg_tpl.c in Sources */ = {isa = PBXBuildFile; fileRef = E261E43D14718FF700421617 /* ffmpeg_tpl.c */; };
		E2F02C051430E728005C9776 /* ffmpeg-mr.c in Sources */ = {isa = PBXBuildFile; fileRef = E2F02C041430E728005C9776 /* ffmpeg-mr.c */; };
/* End PBXBuildFile section */

/* Begin PBXContainerItemProxy section */
		E2848CCF1430E53E00E06673 /* PBXContainerItemProxy */ = {
			isa = PBXContainerItemProxy;
			containerPortal = E2848CCB1430E4D200E06673 /* ffmpeg.xcodeproj */;
			proxyType = 1;
			remoteGlobalIDString = E2848C841430E4D100E06673;
			remoteInfo = ffmpeg;
		};
/* End PBXContainerItemProxy section */

/* Begin PBXCopyFilesBuildPhase section */
		E24208BF144CAC3A00E11A39 /* CopyFiles */ = {
			isa = PBXCopyFilesBuildPhase;
			buildActionMask = 12;
			dstPath = $PROJECT_DIR/$PROJECT;
			dstSubfolderSpec = 0;
			files = (
				E24208C0144CAC6600E11A39 /* libffmpeg-mr.jnilib in CopyFiles */,
			);
			runOnlyForDeploymentPostprocessing = 0;
		};
		E2C35A71145708D600902770 /* CopyFiles */ = {
			isa = PBXCopyFilesBuildPhase;
			buildActionMask = 2147483647;
			dstPath = /usr/share/man/man1/;
			dstSubfolderSpec = 0;
			files = (
			);
			runOnlyForDeploymentPostprocessing = 1;
		};
/* End PBXCopyFilesBuildPhase section */

/* Begin PBXFileReference section */
		E24208AA144C3AF800E11A39 /* Transcoder.java */ = {isa = PBXFileReference; fileEncoding = 4; lastKnownFileType = sourcecode.java; path = Transcoder.java; sourceTree = "<group>"; };
		E24208B6144C42E300E11A39 /* Transcoder.h */ = {isa = PBXFileReference; explicitFileType = sourcecode.c.h; fileEncoding = 4; path = Transcoder.h; sourceTree = "<group>"; };
		E24208C2144CB96600E11A39 /* libbz2.1.0.5.dylib */ = {isa = PBXFileReference; lastKnownFileType = "compiled.mach-o.dylib"; name = libbz2.1.0.5.dylib; path = usr/lib/libbz2.1.0.5.dylib; sourceTree = SDKROOT; };
		E24208C3144CB96600E11A39 /* libz.1.dylib */ = {isa = PBXFileReference; lastKnownFileType = "compiled.mach-o.dylib"; name = libz.1.dylib; path = usr/lib/libz.1.dylib; sourceTree = SDKROOT; };
		E2420C1A144CBDB600E11A39 /* libmp3lame.dylib */ = {isa = PBXFileReference; lastKnownFileType = "compiled.mach-o.dylib"; name = libmp3lame.dylib; path = usr/local/lib/libmp3lame.dylib; sourceTree = SDKROOT; };
		E2420C1C144CBDBF00E11A39 /* libx264.118.dylib */ = {isa = PBXFileReference; lastKnownFileType = "compiled.mach-o.dylib"; name = libx264.118.dylib; path = usr/local/lib/libx264.118.dylib; sourceTree = SDKROOT; };
		E2420C1E144CC8BA00E11A39 /* AVCodec.java */ = {isa = PBXFileReference; fileEncoding = 4; lastKnownFileType = sourcecode.java; path = AVCodec.java; sourceTree = "<group>"; };
		E261B9031445FE960041422A /* libavcodec.a */ = {isa = PBXFileReference; lastKnownFileType = archive.ar; name = libavcodec.a; path = ../ffmpeg/libavcodec/libavcodec.a; sourceTree = "<group>"; };
		E261B9041445FE960041422A /* libavdevice.a */ = {isa = PBXFileReference; lastKnownFileType = archive.ar; name = libavdevice.a; path = ../ffmpeg/libavdevice/libavdevice.a; sourceTree = "<group>"; };
		E261B9051445FE960041422A /* libavfilter.a */ = {isa = PBXFileReference; lastKnownFileType = archive.ar; name = libavfilter.a; path = ../ffmpeg/libavfilter/libavfilter.a; sourceTree = "<group>"; };
		E261B9061445FE960041422A /* libavformat.a */ = {isa = PBXFileReference; lastKnownFileType = archive.ar; name = libavformat.a; path = ../ffmpeg/libavformat/libavformat.a; sourceTree = "<group>"; };
		E261B9071445FE960041422A /* libavutil.a */ = {isa = PBXFileReference; lastKnownFileType = archive.ar; name = libavutil.a; path = ../ffmpeg/libavutil/libavutil.a; sourceTree = "<group>"; };
		E261B9081445FE960041422A /* libpostproc.a */ = {isa = PBXFileReference; lastKnownFileType = archive.ar; name = libpostproc.a; path = ../ffmpeg/libpostproc/libpostproc.a; sourceTree = "<group>"; };
		E261B9091445FE960041422A /* libswresample.a */ = {isa = PBXFileReference; lastKnownFileType = archive.ar; name = libswresample.a; path = ../ffmpeg/libswresample/libswresample.a; sourceTree = "<group>"; };
		E261B90A1445FE960041422A /* libswscale.a */ = {isa = PBXFileReference; lastKnownFileType = archive.ar; name = libswscale.a; path = ../ffmpeg/libswscale/libswscale.a; sourceTree = "<group>"; };
		E261E4361471889700421617 /* tpl.c */ = {isa = PBXFileReference; fileEncoding = 4; lastKnownFileType = sourcecode.c.c; path = tpl.c; sourceTree = "<group>"; };
		E261E4371471889700421617 /* tpl.h */ = {isa = PBXFileReference; fileEncoding = 4; lastKnownFileType = sourcecode.c.h; path = tpl.h; sourceTree = "<group>"; };
		E261E43D14718FF700421617 /* ffmpeg_tpl.c */ = {isa = PBXFileReference; fileEncoding = 4; lastKnownFileType = sourcecode.c.c; path = ffmpeg_tpl.c; sourceTree = "<group>"; };
		E261E43F1471901900421617 /* ffmpeg_tpl.h */ = {isa = PBXFileReference; fileEncoding = 4; lastKnownFileType = sourcecode.c.h; path = ffmpeg_tpl.h; sourceTree = "<group>"; };
		E2730A6E14680A8F0049F357 /* other.c */ = {isa = PBXFileReference; fileEncoding = 4; lastKnownFileType = sourcecode.c.c; path = other.c; sourceTree = "<group>"; };
		E2848C6D1430E35500E06673 /* libffmpeg-mr.jnilib */ = {isa = PBXFileReference; explicitFileType = "compiled.mach-o.dylib"; includeInIndex = 0; path = "libffmpeg-mr.jnilib"; sourceTree = BUILT_PRODUCTS_DIR; };
		E2848CCB1430E4D200E06673 /* ffmpeg.xcodeproj */ = {isa = PBXFileReference; lastKnownFileType = "wrapper.pb-project"; name = ffmpeg.xcodeproj; path = ../ffmpeg/ffmpeg.xcodeproj; sourceTree = "<group>"; };
		E2C35A73145708D600902770 /* TestSample */ = {isa = PBXFileReference; explicitFileType = "compiled.mach-o.executable"; includeInIndex = 0; path = TestSample; sourceTree = BUILT_PRODUCTS_DIR; };
		E2C35A76145708D600902770 /* main.c */ = {isa = PBXFileReference; lastKnownFileType = sourcecode.c.c; path = main.c; sourceTree = "<group>"; };
		E2F02C041430E728005C9776 /* ffmpeg-mr.c */ = {isa = PBXFileReference; fileEncoding = 4; lastKnownFileType = sourcecode.c.c; path = "ffmpeg-mr.c"; sourceTree = "<group>"; };
/* End PBXFileReference section */

/* Begin PBXFrameworksBuildPhase section */
		E2848C6A1430E35500E06673 /* Frameworks */ = {
			isa = PBXFrameworksBuildPhase;
			buildActionMask = 2147483647;
			files = (
				E2420C1D144CBDBF00E11A39 /* libx264.118.dylib in Frameworks */,
				E2420C1B144CBDB600E11A39 /* libmp3lame.dylib in Frameworks */,
				E24208C4144CB96600E11A39 /* libbz2.1.0.5.dylib in Frameworks */,
				E24208C5144CB96600E11A39 /* libz.1.dylib in Frameworks */,
				E261B90B1445FE960041422A /* libavcodec.a in Frameworks */,
				E261B90C1445FE960041422A /* libavdevice.a in Frameworks */,
				E261B90D1445FE960041422A /* libavfilter.a in Frameworks */,
				E261B90E1445FE960041422A /* libavformat.a in Frameworks */,
				E261B90F1445FE960041422A /* libavutil.a in Frameworks */,
				E261B9101445FE960041422A /* libpostproc.a in Frameworks */,
				E261B9111445FE960041422A /* libswresample.a in Frameworks */,
				E261B9121445FE960041422A /* libswscale.a in Frameworks */,
			);
			runOnlyForDeploymentPostprocessing = 0;
		};
		E2C35A70145708D600902770 /* Frameworks */ = {
			isa = PBXFrameworksBuildPhase;
			buildActionMask = 2147483647;
			files = (
				E2C35A801457093600902770 /* libavdevice.a in Frameworks */,
				E2C35A811457093B00902770 /* libbz2.1.0.5.dylib in Frameworks */,
				E2C35A881457094600902770 /* libswscale.a in Frameworks */,
				E2C35A871457094500902770 /* libswresample.a in Frameworks */,
				E2C35A861457094400902770 /* libpostproc.a in Frameworks */,
				E2C35A851457094300902770 /* libavutil.a in Frameworks */,
				E2C35A831457094100902770 /* libavformat.a in Frameworks */,
				E2C35A841457094200902770 /* libz.1.dylib in Frameworks */,
				E2C35A821457094000902770 /* libavfilter.a in Frameworks */,
				E2C35A7D1457092A00902770 /* libavcodec.a in Frameworks */,
				E2C35A7E1457093300902770 /* libx264.118.dylib in Frameworks */,
				E2C35A7F1457093500902770 /* libmp3lame.dylib in Frameworks */,
			);
			runOnlyForDeploymentPostprocessing = 0;
		};
/* End PBXFrameworksBuildPhase section */

/* Begin PBXGroup section */
		E261B9131445FEC20041422A /* ffmpeg Libraries */ = {
			isa = PBXGroup;
			children = (
				E2C35A6E145708AC00902770 /* static libs */,
				E2848CCB1430E4D200E06673 /* ffmpeg.xcodeproj */,
			);
			name = "ffmpeg Libraries";
			sourceTree = "<group>";
		};
		E261E43B147188A800421617 /* tpl */ = {
			isa = PBXGroup;
			children = (
				E261E4361471889700421617 /* tpl.c */,
				E261E4371471889700421617 /* tpl.h */,
				E261E43D14718FF700421617 /* ffmpeg_tpl.c */,
				E261E43F1471901900421617 /* ffmpeg_tpl.h */,
			);
			name = tpl;
			sourceTree = "<group>";
		};
		E2848C621430E35500E06673 = {
			isa = PBXGroup;
			children = (
				E261E43B147188A800421617 /* tpl */,
				E261B9131445FEC20041422A /* ffmpeg Libraries */,
				E2848C6F1430E35500E06673 /* ffmpeg-mr */,
				E2C35A75145708D600902770 /* TestSample */,
				E2848C6E1430E35500E06673 /* Products */,
			);
			sourceTree = "<group>";
		};
		E2848C6E1430E35500E06673 /* Products */ = {
			isa = PBXGroup;
			children = (
				E2848C6D1430E35500E06673 /* libffmpeg-mr.jnilib */,
				E2C35A73145708D600902770 /* TestSample */,
			);
			name = Products;
			sourceTree = "<group>";
		};
		E2848C6F1430E35500E06673 /* ffmpeg-mr */ = {
			isa = PBXGroup;
			children = (
				E2F02C041430E728005C9776 /* ffmpeg-mr.c */,
				E24208B6144C42E300E11A39 /* Transcoder.h */,
				E24208AA144C3AF800E11A39 /* Transcoder.java */,
				E2420C1E144CC8BA00E11A39 /* AVCodec.java */,
			);
			path = "ffmpeg-mr";
			sourceTree = "<group>";
		};
		E2848CCC1430E4D200E06673 /* Products */ = {
			isa = PBXGroup;
			children = (
			);
			name = Products;
			sourceTree = "<group>";
		};
		E2C35A6E145708AC00902770 /* static libs */ = {
			isa = PBXGroup;
			children = (
				E261B9031445FE960041422A /* libavcodec.a */,
				E2420C1C144CBDBF00E11A39 /* libx264.118.dylib */,
				E2420C1A144CBDB600E11A39 /* libmp3lame.dylib */,
				E261B9041445FE960041422A /* libavdevice.a */,
				E24208C2144CB96600E11A39 /* libbz2.1.0.5.dylib */,
				E261B9051445FE960041422A /* libavfilter.a */,
				E261B9061445FE960041422A /* libavformat.a */,
				E24208C3144CB96600E11A39 /* libz.1.dylib */,
				E261B9071445FE960041422A /* libavutil.a */,
				E261B9081445FE960041422A /* libpostproc.a */,
				E261B9091445FE960041422A /* libswresample.a */,
				E261B90A1445FE960041422A /* libswscale.a */,
			);
			name = "static libs";
			sourceTree = "<group>";
		};
		E2C35A75145708D600902770 /* TestSample */ = {
			isa = PBXGroup;
			children = (
				E2C35A76145708D600902770 /* main.c */,
				E2730A6E14680A8F0049F357 /* other.c */,
			);
			path = TestSample;
			sourceTree = "<group>";
		};
/* End PBXGroup section */

/* Begin PBXHeadersBuildPhase section */
		E2848C6B1430E35500E06673 /* Headers */ = {
			isa = PBXHeadersBuildPhase;
			buildActionMask = 2147483647;
			files = (
				E24208B7144C42E300E11A39 /* Transcoder.h in Headers */,
				E261E4391471889800421617 /* tpl.h in Headers */,
				E261E4401471901900421617 /* ffmpeg_tpl.h in Headers */,
			);
			runOnlyForDeploymentPostprocessing = 0;
		};
/* End PBXHeadersBuildPhase section */

/* Begin PBXNativeTarget section */
		E2848C6C1430E35500E06673 /* ffmpeg-mr */ = {
			isa = PBXNativeTarget;
			buildConfigurationList = E2848C7A1430E35500E06673 /* Build configuration list for PBXNativeTarget "ffmpeg-mr" */;
			buildPhases = (
				E24208AD144C3E2100E11A39 /* ShellScript */,
				E2848C691430E35500E06673 /* Sources */,
				E2848C6A1430E35500E06673 /* Frameworks */,
				E2848C6B1430E35500E06673 /* Headers */,
				E24208BF144CAC3A00E11A39 /* CopyFiles */,
				E24208C1144CAEFF00E11A39 /* ShellScript */,
			);
			buildRules = (
			);
			dependencies = (
				E2848CD01430E53E00E06673 /* PBXTargetDependency */,
			);
			name = "ffmpeg-mr";
			productName = "ffmpeg-mr";
			productReference = E2848C6D1430E35500E06673 /* libffmpeg-mr.jnilib */;
			productType = "com.apple.product-type.library.dynamic";
		};
		E2C35A72145708D600902770 /* TestSample */ = {
			isa = PBXNativeTarget;
			buildConfigurationList = E2C35A7A145708D600902770 /* Build configuration list for PBXNativeTarget "TestSample" */;
			buildPhases = (
				E2C35A6F145708D600902770 /* Sources */,
				E2C35A70145708D600902770 /* Frameworks */,
				E2C35A71145708D600902770 /* CopyFiles */,
			);
			buildRules = (
			);
			dependencies = (
			);
			name = TestSample;
			productName = TestSample;
			productReference = E2C35A73145708D600902770 /* TestSample */;
			productType = "com.apple.product-type.tool";
		};
/* End PBXNativeTarget section */

/* Begin PBXProject section */
		E2848C641430E35500E06673 /* Project object */ = {
			isa = PBXProject;
			attributes = {
				LastUpgradeCheck = 0420;
			};
			buildConfigurationList = E2848C671430E35500E06673 /* Build configuration list for PBXProject "ffmpeg-mr" */;
			compatibilityVersion = "Xcode 3.2";
			developmentRegion = English;
			hasScannedForEncodings = 0;
			knownRegions = (
				en,
				English,
			);
			mainGroup = E2848C621430E35500E06673;
			productRefGroup = E2848C6E1430E35500E06673 /* Products */;
			projectDirPath = "";
			projectReferences = (
				{
					ProductGroup = E2848CCC1430E4D200E06673 /* Products */;
					ProjectRef = E2848CCB1430E4D200E06673 /* ffmpeg.xcodeproj */;
				},
			);
			projectRoot = "";
			targets = (
				E2848C6C1430E35500E06673 /* ffmpeg-mr */,
				E2C35A72145708D600902770 /* TestSample */,
			);
		};
/* End PBXProject section */

/* Begin PBXShellScriptBuildPhase section */
		E24208AD144C3E2100E11A39 /* ShellScript */ = {
			isa = PBXShellScriptBuildPhase;
			buildActionMask = 2147483647;
			files = (
			);
			inputPaths = (
				"$(SRCROOT)/Transcoder.java",
			);
			outputPaths = (
			);
			runOnlyForDeploymentPostprocessing = 0;
			shellPath = /bin/sh;
			shellScript = "cd $PROJECT_DIR/$PROJECT\njavac *.java\njavah -jni Transcoder";
		};
		E24208C1144CAEFF00E11A39 /* ShellScript */ = {
			isa = PBXShellScriptBuildPhase;
			buildActionMask = 2147483647;
			files = (
			);
			inputPaths = (
			);
			outputPaths = (
			);
			runOnlyForDeploymentPostprocessing = 0;
			shellPath = /bin/sh;
			shellScript = "cd $PROJECT_DIR/$PROJECT\n\necho \"Manifest-Version: 1.0\" > manifest.mf\njar cvfm ../java/ffmpeg-mr.jar manifest.mf *.class *.java libffmpeg-mr.jnilib\n\nrm manifest.mf\nrm libffmpeg-mr.jnilib";
		};
/* End PBXShellScriptBuildPhase section */

/* Begin PBXSourcesBuildPhase section */
		E2848C691430E35500E06673 /* Sources */ = {
			isa = PBXSourcesBuildPhase;
			buildActionMask = 2147483647;
			files = (
				E2F02C051430E728005C9776 /* ffmpeg-mr.c in Sources */,
				E261E43E14718FF700421617 /* ffmpeg_tpl.c in Sources */,
				E2730A6F14680A8F0049F357 /* other.c in Sources */,
				E261E4381471889800421617 /* tpl.c in Sources */,
			);
			runOnlyForDeploymentPostprocessing = 0;
		};
		E2C35A6F145708D600902770 /* Sources */ = {
			isa = PBXSourcesBuildPhase;
			buildActionMask = 2147483647;
			files = (
				E261E43C147188CD00421617 /* tpl.c in Sources */,
				E2C35A77145708D600902770 /* main.c in Sources */,
				E2EE1A5E147419B600B0B10F /* ffmpeg_tpl.c in Sources */,
			);
			runOnlyForDeploymentPostprocessing = 0;
		};
/* End PBXSourcesBuildPhase section */

/* Begin PBXTargetDependency section */
		E2848CD01430E53E00E06673 /* PBXTargetDependency */ = {
			isa = PBXTargetDependency;
			name = ffmpeg;
			targetProxy = E2848CCF1430E53E00E06673 /* PBXContainerItemProxy */;
		};
/* End PBXTargetDependency section */

/* Begin XCBuildConfiguration section */
		E2848C781430E35500E06673 /* Debug */ = {
			isa = XCBuildConfiguration;
			buildSettings = {
				ALWAYS_SEARCH_USER_PATHS = NO;
				ARCHS = "$(ARCHS_STANDARD_64_BIT)";
				CLANG_ENABLE_OBJC_ARC = YES;
				COPY_PHASE_STRIP = NO;
				GCC_C_LANGUAGE_STANDARD = gnu99;
				GCC_DYNAMIC_NO_PIC = NO;
				GCC_ENABLE_OBJC_EXCEPTIONS = YES;
				GCC_OPTIMIZATION_LEVEL = 0;
				GCC_PREPROCESSOR_DEFINITIONS = (
					"DEBUG=1",
					"$(inherited)",
				);
				GCC_SYMBOLS_PRIVATE_EXTERN = NO;
				GCC_VERSION = com.apple.compilers.llvm.clang.1_0;
				GCC_WARN_64_TO_32_BIT_CONVERSION = YES;
				GCC_WARN_ABOUT_MISSING_PROTOTYPES = YES;
				GCC_WARN_ABOUT_RETURN_TYPE = YES;
				GCC_WARN_UNUSED_VARIABLE = YES;
				HEADER_SEARCH_PATHS = "";
				MACOSX_DEPLOYMENT_TARGET = 10.7;
				ONLY_ACTIVE_ARCH = YES;
				SDKROOT = macosx;
			};
			name = Debug;
		};
		E2848C791430E35500E06673 /* Release */ = {
			isa = XCBuildConfiguration;
			buildSettings = {
				ALWAYS_SEARCH_USER_PATHS = NO;
				ARCHS = "$(ARCHS_STANDARD_64_BIT)";
				CLANG_ENABLE_OBJC_ARC = YES;
				COPY_PHASE_STRIP = YES;
				DEBUG_INFORMATION_FORMAT = "dwarf-with-dsym";
				GCC_C_LANGUAGE_STANDARD = gnu99;
				GCC_ENABLE_OBJC_EXCEPTIONS = YES;
				GCC_VERSION = com.apple.compilers.llvm.clang.1_0;
				GCC_WARN_64_TO_32_BIT_CONVERSION = YES;
				GCC_WARN_ABOUT_MISSING_PROTOTYPES = YES;
				GCC_WARN_ABOUT_RETURN_TYPE = YES;
				GCC_WARN_UNUSED_VARIABLE = YES;
				HEADER_SEARCH_PATHS = "";
				MACOSX_DEPLOYMENT_TARGET = 10.7;
				SDKROOT = macosx;
			};
			name = Release;
		};
		E2848C7B1430E35500E06673 /* Debug */ = {
			isa = XCBuildConfiguration;
			buildSettings = {
				EXECUTABLE_EXTENSION = jnilib;
				EXECUTABLE_PREFIX = lib;
				HEADER_SEARCH_PATHS = (
					"$(SDKROOT)/System/Library/Frameworks/JavaVM.framework/Headers",
					"../ffmpeg/**",
				);
				LIBRARY_SEARCH_PATHS = (
					"$(inherited)",
					"\"$(SRCROOT)/../ffmpeg/libavcodec\"",
					"\"$(SRCROOT)/../ffmpeg/libavfilter\"",
					"\"$(SRCROOT)/../ffmpeg/libavdevice\"",
					"\"$(SRCROOT)/../ffmpeg/libavformat\"",
					"\"$(SRCROOT)/../ffmpeg/libavutil\"",
					"\"$(SRCROOT)/../ffmpeg/libpostproc\"",
					"\"$(SRCROOT)/../ffmpeg/libswresample\"",
					"\"$(SRCROOT)/../ffmpeg/libswscale\"",
				);
				PRODUCT_NAME = "$(TARGET_NAME)";
			};
			name = Debug;
		};
		E2848C7C1430E35500E06673 /* Release */ = {
			isa = XCBuildConfiguration;
			buildSettings = {
				EXECUTABLE_EXTENSION = jnilib;
				EXECUTABLE_PREFIX = lib;
				HEADER_SEARCH_PATHS = (
					"$(SDKROOT)/System/Library/Frameworks/JavaVM.framework/Headers",
					"../ffmpeg/**",
				);
				LIBRARY_SEARCH_PATHS = (
					"$(inherited)",
					"\"$(SRCROOT)/../ffmpeg/libavcodec\"",
					"\"$(SRCROOT)/../ffmpeg/libavfilter\"",
					"\"$(SRCROOT)/../ffmpeg/libavdevice\"",
					"\"$(SRCROOT)/../ffmpeg/libavformat\"",
					"\"$(SRCROOT)/../ffmpeg/libavutil\"",
					"\"$(SRCROOT)/../ffmpeg/libpostproc\"",
					"\"$(SRCROOT)/../ffmpeg/libswresample\"",
					"\"$(SRCROOT)/../ffmpeg/libswscale\"",
				);
				PRODUCT_NAME = "$(TARGET_NAME)";
			};
			name = Release;
		};
		E2C35A7B145708D600902770 /* Debug */ = {
			isa = XCBuildConfiguration;
			buildSettings = {
				HEADER_SEARCH_PATHS = "../ffmpeg/**";
				LIBRARY_SEARCH_PATHS = (
					"$(inherited)",
					"\"$(SRCROOT)/../ffmpeg/libavcodec\"",
					"\"$(SRCROOT)/../ffmpeg/libavdevice\"",
					"\"$(SRCROOT)/../ffmpeg/libavfilter\"",
					"\"$(SRCROOT)/../ffmpeg/libavformat\"",
					"\"$(SRCROOT)/../ffmpeg/libavutil\"",
					"\"$(SRCROOT)/../ffmpeg/libpostproc\"",
					"\"$(SRCROOT)/../ffmpeg/libswresample\"",
					"\"$(SRCROOT)/../ffmpeg/libswscale\"",
				);
				PRODUCT_NAME = "$(TARGET_NAME)";
			};
			name = Debug;
		};
		E2C35A7C145708D600902770 /* Release */ = {
			isa = XCBuildConfiguration;
			buildSettings = {
				HEADER_SEARCH_PATHS = "../ffmpeg/**";
				LIBRARY_SEARCH_PATHS = (
					"$(inherited)",
					"\"$(SRCROOT)/../ffmpeg/libavcodec\"",
					"\"$(SRCROOT)/../ffmpeg/libavdevice\"",
					"\"$(SRCROOT)/../ffmpeg/libavfilter\"",
					"\"$(SRCROOT)/../ffmpeg/libavformat\"",
					"\"$(SRCROOT)/../ffmpeg/libavutil\"",
					"\"$(SRCROOT)/../ffmpeg/libpostproc\"",
					"\"$(SRCROOT)/../ffmpeg/libswresample\"",
					"\"$(SRCROOT)/../ffmpeg/libswscale\"",
				);
				PRODUCT_NAME = "$(TARGET_NAME)";
			};
			name = Release;
		};
/* End XCBuildConfiguration section */

/* Begin XCConfigurationList section */
		E2848C671430E35500E06673 /* Build configuration list for PBXProject "ffmpeg-mr" */ = {
			isa = XCConfigurationList;
			buildConfigurations = (
				E2848C781430E35500E06673 /* Debug */,
				E2848C791430E35500E06673 /* Release */,
			);
			defaultConfigurationIsVisible = 0;
			defaultConfigurationName = Release;
		};
		E2848C7A1430E35500E06673 /* Build configuration list for PBXNativeTarget "ffmpeg-mr" */ = {
			isa = XCConfigurationList;
			buildConfigurations = (
				E2848C7B1430E35500E06673 /* Debug */,
				E2848C7C1430E35500E06673 /* Release */,
			);
			defaultConfigurationIsVisible = 0;
			defaultConfigurationName = Release;
		};
		E2C35A7A145708D600902770 /* Build configuration list for PBXNativeTarget "TestSample" */ = {
			isa = XCConfigurationList;
			buildConfigurations = (
				E2C35A7B145708D600902770 /* Debug */,
				E2C35A7C145708D600902770 /* Release */,
			);
			defaultConfigurationIsVisible = 0;
			defaultConfigurationName = Release;
		};
/* End XCConfigurationList section */
	};
	rootObject = E2848C641430E35500E06673 /* Project object */;
}
